
Microsoft Visual Studio Solution File, Format Version 12.00
# Visual Studio 15
VisualStudioVersion = 15.0.28307.645
MinimumVisualStudioVersion = 10.0.40219.1
Project("{FAE04EC0-301F-11D3-BF4B-00C04F79EFBC}") = "testing_dlibdotnet", "testing_dlibdotnet\testing_dlibdotnet.csproj", "{13B1D616-5BFA-4408-9864-282D962796F9}"
EndProject
Global
	GlobalSection(SolutionConfigurationPlatforms) = preSolution
		Debug|Any CPU = Debug|Any CPU
		Release|Any CPU = Release|Any CPU
	EndGlobalSection
	GlobalSection(ProjectConfigurationPlatforms) = postSolution
		{13B1D616-5BFA-4408-9864-282D962796F9}.Debug|Any CPU.ActiveCfg = Debug|Any CPU
		{13B1D616-5BFA-4408-9864-282D962796F9}.Debug|Any CPU.Build.0 = Debug|Any CPU
		{13B1D616-5BFA-4408-9864-282D962796F9}.Release|Any CPU.ActiveCfg = Release|Any CPU
		{13B1D616-5BFA-4408-9864-282D962796F9}.Release|Any CPU.Build.0 = Release|Any CPU
	EndGlobalSection
	GlobalSection(SolutionProperties) = preSolution
		HideSolutionNode = FALSE
	EndGlobalSection
	GlobalSection(ExtensibilityGlobals) = postSolution
		SolutionGuid = {8BED45E2-D51B-4E4D-A8A3-8D375BB3426F}
	EndGlobalSection
EndGlobal
